
Microsoft Visual Studio Solution File, Format Version 12.00
# Visual Studio Version 16
VisualStudioVersion = 16.0.30717.126
MinimumVisualStudioVersion = 10.0.40219.1
Project("{8BC9CEB8-8B4A-11D0-8D11-00A0C91BC942}") = "SampleSpellingClient", "SampleSpellingClient.vcxproj", "{D7A1BC18-656A-49B6-A228-E2580F63090A}"
EndProject
Global
	GlobalSection(SolutionConfigurationPlatforms) = preSolution
		Debug|x64 = Debug|x64
	EndGlobalSection
	GlobalSection(ProjectConfigurationPlatforms) = postSolution
		{D7A1BC18-656A-49B6-A228-E2580F63090A}.Debug|x64.ActiveCfg = Debug|x64
		{D7A1BC18-656A-49B6-A228-E2580F63090A}.Debug|x64.Build.0 = Debug|x64
	EndGlobalSection
	GlobalSection(SolutionProperties) = preSolution
		HideSolutionNode = FALSE
	EndGlobalSection
	GlobalSection(ExtensibilityGlobals) = postSolution
		SolutionGuid = {DF01E89E-AC36-4B4E-A386-812CD904871E}
	EndGlobalSection
EndGlobal
