
Microsoft Visual Studio Solution File, Format Version 12.00
# Visual Studio Version 17
VisualStudioVersion = 17.2.32505.173
MinimumVisualStudioVersion = 10.0.40219.1
Project("{8BC9CEB8-8B4A-11D0-8D11-00A0C91BC942}") = "sunny", "sunny.vcxproj", "{14573B3C-3F77-42E8-882F-0F1157877766}"
EndProject
Global
	GlobalSection(SolutionConfigurationPlatforms) = preSolution
		Debug|x64 = Debug|x64
	EndGlobalSection
	GlobalSection(ProjectConfigurationPlatforms) = postSolution
		{14573B3C-3F77-42E8-882F-0F1157877766}.Debug|x64.ActiveCfg = Debug|x64
		{14573B3C-3F77-42E8-882F-0F1157877766}.Debug|x64.Build.0 = Debug|x64
	EndGlobalSection
	GlobalSection(SolutionProperties) = preSolution
		HideSolutionNode = FALSE
	EndGlobalSection
	GlobalSection(ExtensibilityGlobals) = postSolution
		SolutionGuid = {3286B460-B00B-43D1-9D43-70D51A9C29AB}
	EndGlobalSection
EndGlobal
