
Microsoft Visual Studio Solution File, Format Version 12.00
# Visual Studio Version 16
VisualStudioVersion = 16.0.30717.126
MinimumVisualStudioVersion = 10.0.40219.1
Project("{8BC9CEB8-8B4A-11D0-8D11-00A0C91BC942}") = "AddPackageSample", "AddPackageSample.vcxproj", "{41B6FFD4-8F82-4F42-8AA6-A789D4D8E443}"
EndProject
Global
	GlobalSection(SolutionConfigurationPlatforms) = preSolution
		Debug|x64 = Debug|x64
	EndGlobalSection
	GlobalSection(ProjectConfigurationPlatforms) = postSolution
		{41B6FFD4-8F82-4F42-8AA6-A789D4D8E443}.Debug|x64.ActiveCfg = Debug|x64
		{41B6FFD4-8F82-4F42-8AA6-A789D4D8E443}.Debug|x64.Build.0 = Debug|x64
	EndGlobalSection
	GlobalSection(SolutionProperties) = preSolution
		HideSolutionNode = FALSE
	EndGlobalSection
	GlobalSection(ExtensibilityGlobals) = postSolution
		SolutionGuid = {494DEFFD-BDB8-40B7-AC6E-91E92176B348}
	EndGlobalSection
EndGlobal
