
Microsoft Visual Studio Solution File, Format Version 12.00
# Visual Studio Version 17
VisualStudioVersion = 17.1.32421.90
MinimumVisualStudioVersion = 10.0.40219.1
Project("{8BC9CEB8-8B4A-11D0-8D11-00A0C91BC942}") = "CApplication", "CApplication.vcxproj", "{CFB47F92-2595-41B9-BFA0-23386AA9D8F9}"
EndProject
Global
	GlobalSection(SolutionConfigurationPlatforms) = preSolution
		Debug|x64 = Debug|x64
	EndGlobalSection
	GlobalSection(ProjectConfigurationPlatforms) = postSolution
		{CFB47F92-2595-41B9-BFA0-23386AA9D8F9}.Debug|x64.ActiveCfg = Debug|x64
		{CFB47F92-2595-41B9-BFA0-23386AA9D8F9}.Debug|x64.Build.0 = Debug|x64
	EndGlobalSection
	GlobalSection(SolutionProperties) = preSolution
		HideSolutionNode = FALSE
	EndGlobalSection
	GlobalSection(ExtensibilityGlobals) = postSolution
		SolutionGuid = {CEDEEE2B-52B2-449D-95EF-4FDA73AB2CC4}
	EndGlobalSection
EndGlobal
