
Microsoft Visual Studio Solution File, Format Version 12.00
# Visual Studio Version 16
VisualStudioVersion = 16.0.30717.126
MinimumVisualStudioVersion = 10.0.40219.1
Project("{8BC9CEB8-8B4A-11D0-8D11-00A0C91BC942}") = "rectangle", "rectangle.vcxproj", "{4123AA1F-60F3-4EFF-8553-A437B6192E88}"
EndProject
Global
	GlobalSection(SolutionConfigurationPlatforms) = preSolution
		Debug|x64 = Debug|x64
	EndGlobalSection
	GlobalSection(ProjectConfigurationPlatforms) = postSolution
		{4123AA1F-60F3-4EFF-8553-A437B6192E88}.Debug|x64.ActiveCfg = Debug|x64
		{4123AA1F-60F3-4EFF-8553-A437B6192E88}.Debug|x64.Build.0 = Debug|x64
	EndGlobalSection
	GlobalSection(SolutionProperties) = preSolution
		HideSolutionNode = FALSE
	EndGlobalSection
	GlobalSection(ExtensibilityGlobals) = postSolution
		SolutionGuid = {CBD81DC3-8523-4422-B496-E6DF67E8656E}
	EndGlobalSection
EndGlobal
