
Microsoft Visual Studio Solution File, Format Version 12.00
# Visual Studio Version 16
VisualStudioVersion = 16.0.30717.126
MinimumVisualStudioVersion = 10.0.40219.1
Project("{8BC9CEB8-8B4A-11D0-8D11-00A0C91BC942}") = "cppasm", "cppasm.vcxproj", "{FE772DAE-E0D2-47DD-989F-3DE6A099ED48}"
EndProject
Global
	GlobalSection(SolutionConfigurationPlatforms) = preSolution
		Debug|x64 = Debug|x64
	EndGlobalSection
	GlobalSection(ProjectConfigurationPlatforms) = postSolution
		{FE772DAE-E0D2-47DD-989F-3DE6A099ED48}.Debug|x64.ActiveCfg = Debug|x64
		{FE772DAE-E0D2-47DD-989F-3DE6A099ED48}.Debug|x64.Build.0 = Debug|x64
	EndGlobalSection
	GlobalSection(SolutionProperties) = preSolution
		HideSolutionNode = FALSE
	EndGlobalSection
	GlobalSection(ExtensibilityGlobals) = postSolution
		SolutionGuid = {A7C9A913-4DEA-4135-8DA7-2DC6C5B59451}
	EndGlobalSection
EndGlobal
