
Microsoft Visual Studio Solution File, Format Version 12.00
# Visual Studio Version 16
VisualStudioVersion = 16.0.30717.126
MinimumVisualStudioVersion = 10.0.40219.1
Project("{8BC9CEB8-8B4A-11D0-8D11-00A0C91BC942}") = "cv8", "cv8.vcxproj", "{7C606940-F0CB-4500-8C21-C3E704AE1102}"
EndProject
Global
	GlobalSection(SolutionConfigurationPlatforms) = preSolution
		Debug|x64 = Debug|x64
	EndGlobalSection
	GlobalSection(ProjectConfigurationPlatforms) = postSolution
		{7C606940-F0CB-4500-8C21-C3E704AE1102}.Debug|x64.ActiveCfg = Debug|x64
		{7C606940-F0CB-4500-8C21-C3E704AE1102}.Debug|x64.Build.0 = Debug|x64
	EndGlobalSection
	GlobalSection(SolutionProperties) = preSolution
		HideSolutionNode = FALSE
	EndGlobalSection
	GlobalSection(ExtensibilityGlobals) = postSolution
		SolutionGuid = {AC541F0F-1AF6-41D6-95CF-274FE659D4FB}
	EndGlobalSection
EndGlobal
