
Microsoft Visual Studio Solution File, Format Version 12.00
# Visual Studio Version 17
VisualStudioVersion = 17.2.32516.85
MinimumVisualStudioVersion = 10.0.40219.1
Project("{8BC9CEB8-8B4A-11D0-8D11-00A0C91BC942}") = "Radio", "Radio.vcxproj", "{9C9295C7-2672-4DFB-B071-976283B495B6}"
EndProject
Global
	GlobalSection(SolutionConfigurationPlatforms) = preSolution
		Debug|x64 = Debug|x64
	EndGlobalSection
	GlobalSection(ProjectConfigurationPlatforms) = postSolution
		{9C9295C7-2672-4DFB-B071-976283B495B6}.Debug|x64.ActiveCfg = Debug|x64
		{9C9295C7-2672-4DFB-B071-976283B495B6}.Debug|x64.Build.0 = Debug|x64
	EndGlobalSection
	GlobalSection(SolutionProperties) = preSolution
		HideSolutionNode = FALSE
	EndGlobalSection
	GlobalSection(ExtensibilityGlobals) = postSolution
		SolutionGuid = {FDACCBAE-D67B-40EE-BC66-9B620FF728D3}
	EndGlobalSection
EndGlobal
